
Microsoft Visual Studio Solution File, Format Version 12.00
# Visual Studio Version 17
VisualStudioVersion = 17.3.32819.101
MinimumVisualStudioVersion = 10.0.40219.1
Project("{FAE04EC0-301F-11D3-BF4B-00C04F79EFBC}") = "Uppgidt 3.17", "Uppgidt 3.17\Uppgidt 3.17.csproj", "{88CB1790-533A-47B4-960D-C021E51B0BE0}"
EndProject
Global
	GlobalSection(SolutionConfigurationPlatforms) = preSolution
		Debug|Any CPU = Debug|Any CPU
		Release|Any CPU = Release|Any CPU
	EndGlobalSection
	GlobalSection(ProjectConfigurationPlatforms) = postSolution
		{88CB1790-533A-47B4-960D-C021E51B0BE0}.Debug|Any CPU.ActiveCfg = Debug|Any CPU
		{88CB1790-533A-47B4-960D-C021E51B0BE0}.Debug|Any CPU.Build.0 = Debug|Any CPU
		{88CB1790-533A-47B4-960D-C021E51B0BE0}.Release|Any CPU.ActiveCfg = Release|Any CPU
		{88CB1790-533A-47B4-960D-C021E51B0BE0}.Release|Any CPU.Build.0 = Release|Any CPU
	EndGlobalSection
	GlobalSection(SolutionProperties) = preSolution
		HideSolutionNode = FALSE
	EndGlobalSection
	GlobalSection(ExtensibilityGlobals) = postSolution
		SolutionGuid = {655A8D3C-2034-4FC3-B04B-C82A4CA53C76}
	EndGlobalSection
EndGlobal
